
Microsoft Visual Studio Solution File, Format Version 12.00
# Visual Studio Version 17
VisualStudioVersion = 17.3.32929.385
MinimumVisualStudioVersion = 10.0.40219.1
Project("{9A19103F-16F7-4668-BE54-9A1E7A4F7556}") = "LibraryApp.Web", "LibraryApp.Web\LibraryApp.Web.csproj", "{95DDAB81-D290-48AA-8F5B-99C724EA6136}"
EndProject
Project("{9A19103F-16F7-4668-BE54-9A1E7A4F7556}") = "LibraryApp.Core", "LibraryApp.Core\LibraryApp.Core.csproj", "{392CB08F-3290-4641-BDA2-625EC3BAAFA2}"
EndProject
Project("{9A19103F-16F7-4668-BE54-9A1E7A4F7556}") = "LibraryApp.Infrastructure", "LibraryApp.Infrastructure\LibraryApp.Infrastructure.csproj", "{A9C4DBE9-F8B7-4C3A-9B6D-24790D8AF90D}"
EndProject
Project("{FAE04EC0-301F-11D3-BF4B-00C04F79EFBC}") = "UnitTests", "UnitTests\UnitTests.csproj", "{C03B0D07-CF36-4E02-AE6A-BEEB7AFAF6EF}"
EndProject
Global
	GlobalSection(SolutionConfigurationPlatforms) = preSolution
		Debug|Any CPU = Debug|Any CPU
		Release|Any CPU = Release|Any CPU
	EndGlobalSection
	GlobalSection(ProjectConfigurationPlatforms) = postSolution
		{95DDAB81-D290-48AA-8F5B-99C724EA6136}.Debug|Any CPU.ActiveCfg = Debug|Any CPU
		{95DDAB81-D290-48AA-8F5B-99C724EA6136}.Debug|Any CPU.Build.0 = Debug|Any CPU
		{95DDAB81-D290-48AA-8F5B-99C724EA6136}.Release|Any CPU.ActiveCfg = Release|Any CPU
		{95DDAB81-D290-48AA-8F5B-99C724EA6136}.Release|Any CPU.Build.0 = Release|Any CPU
		{392CB08F-3290-4641-BDA2-625EC3BAAFA2}.Debug|Any CPU.ActiveCfg = Debug|Any CPU
		{392CB08F-3290-4641-BDA2-625EC3BAAFA2}.Debug|Any CPU.Build.0 = Debug|Any CPU
		{392CB08F-3290-4641-BDA2-625EC3BAAFA2}.Release|Any CPU.ActiveCfg = Release|Any CPU
		{392CB08F-3290-4641-BDA2-625EC3BAAFA2}.Release|Any CPU.Build.0 = Release|Any CPU
		{A9C4DBE9-F8B7-4C3A-9B6D-24790D8AF90D}.Debug|Any CPU.ActiveCfg = Debug|Any CPU
		{A9C4DBE9-F8B7-4C3A-9B6D-24790D8AF90D}.Debug|Any CPU.Build.0 = Debug|Any CPU
		{A9C4DBE9-F8B7-4C3A-9B6D-24790D8AF90D}.Release|Any CPU.ActiveCfg = Release|Any CPU
		{A9C4DBE9-F8B7-4C3A-9B6D-24790D8AF90D}.Release|Any CPU.Build.0 = Release|Any CPU
		{C03B0D07-CF36-4E02-AE6A-BEEB7AFAF6EF}.Debug|Any CPU.ActiveCfg = Debug|Any CPU
		{C03B0D07-CF36-4E02-AE6A-BEEB7AFAF6EF}.Debug|Any CPU.Build.0 = Debug|Any CPU
		{C03B0D07-CF36-4E02-AE6A-BEEB7AFAF6EF}.Release|Any CPU.ActiveCfg = Release|Any CPU
		{C03B0D07-CF36-4E02-AE6A-BEEB7AFAF6EF}.Release|Any CPU.Build.0 = Release|Any CPU
	EndGlobalSection
	GlobalSection(SolutionProperties) = preSolution
		HideSolutionNode = FALSE
	EndGlobalSection
	GlobalSection(ExtensibilityGlobals) = postSolution
		SolutionGuid = {EB48DC73-0165-47E0-A7E9-03C2322BFC88}
	EndGlobalSection
EndGlobal
